
Microsoft Visual Studio Solution File, Format Version 12.00
# Visual Studio Version 17
VisualStudioVersion = 17.3.32825.248
MinimumVisualStudioVersion = 10.0.40219.1
Project("{FAE04EC0-301F-11D3-BF4B-00C04F79EFBC}") = "Seminar.Framework", "Seminar.Framework\Seminar.Framework.csproj", "{5CB30BCE-B86C-4D05-879B-D8AFED14896D}"
EndProject
Project("{FAE04EC0-301F-11D3-BF4B-00C04F79EFBC}") = "Seminar", "Seminar\Seminar.csproj", "{8DE7A78F-DEBC-400D-A184-80F68D6E68CF}"
EndProject
Global
	GlobalSection(SolutionConfigurationPlatforms) = preSolution
		Debug|Any CPU = Debug|Any CPU
		Release|Any CPU = Release|Any CPU
	EndGlobalSection
	GlobalSection(ProjectConfigurationPlatforms) = postSolution
		{5CB30BCE-B86C-4D05-879B-D8AFED14896D}.Debug|Any CPU.ActiveCfg = Debug|Any CPU
		{5CB30BCE-B86C-4D05-879B-D8AFED14896D}.Debug|Any CPU.Build.0 = Debug|Any CPU
		{5CB30BCE-B86C-4D05-879B-D8AFED14896D}.Release|Any CPU.ActiveCfg = Release|Any CPU
		{5CB30BCE-B86C-4D05-879B-D8AFED14896D}.Release|Any CPU.Build.0 = Release|Any CPU
		{8DE7A78F-DEBC-400D-A184-80F68D6E68CF}.Debug|Any CPU.ActiveCfg = Debug|Any CPU
		{8DE7A78F-DEBC-400D-A184-80F68D6E68CF}.Debug|Any CPU.Build.0 = Debug|Any CPU
		{8DE7A78F-DEBC-400D-A184-80F68D6E68CF}.Release|Any CPU.ActiveCfg = Release|Any CPU
		{8DE7A78F-DEBC-400D-A184-80F68D6E68CF}.Release|Any CPU.Build.0 = Release|Any CPU
	EndGlobalSection
	GlobalSection(SolutionProperties) = preSolution
		HideSolutionNode = FALSE
	EndGlobalSection
	GlobalSection(ExtensibilityGlobals) = postSolution
		SolutionGuid = {346A04FB-03E0-4320-A68B-6220D08035AC}
	EndGlobalSection
EndGlobal
