
Microsoft Visual Studio Solution File, Format Version 12.00
# Visual Studio Version 17
VisualStudioVersion = 17.3.32825.248
MinimumVisualStudioVersion = 10.0.40219.1
Project("{FAE04EC0-301F-11D3-BF4B-00C04F79EFBC}") = "FullSearchSamples", "FullSearchSamples\FullSearchSamples.csproj", "{53B758FF-6B7C-4DE5-9D7B-13849D8C9584}"
EndProject
Global
	GlobalSection(SolutionConfigurationPlatforms) = preSolution
		Debug|Any CPU = Debug|Any CPU
		Release|Any CPU = Release|Any CPU
	EndGlobalSection
	GlobalSection(ProjectConfigurationPlatforms) = postSolution
		{53B758FF-6B7C-4DE5-9D7B-13849D8C9584}.Debug|Any CPU.ActiveCfg = Debug|Any CPU
		{53B758FF-6B7C-4DE5-9D7B-13849D8C9584}.Debug|Any CPU.Build.0 = Debug|Any CPU
		{53B758FF-6B7C-4DE5-9D7B-13849D8C9584}.Release|Any CPU.ActiveCfg = Release|Any CPU
		{53B758FF-6B7C-4DE5-9D7B-13849D8C9584}.Release|Any CPU.Build.0 = Release|Any CPU
	EndGlobalSection
	GlobalSection(SolutionProperties) = preSolution
		HideSolutionNode = FALSE
	EndGlobalSection
	GlobalSection(ExtensibilityGlobals) = postSolution
		SolutionGuid = {346A04FB-03E0-4320-A68B-6220D08035AC}
	EndGlobalSection
EndGlobal
